
Microsoft Visual Studio Solution File, Format Version 12.00
# Visual Studio Version 16
VisualStudioVersion = 16.0.32126.315
MinimumVisualStudioVersion = 10.0.40219.1
Project("{FAE04EC0-301F-11D3-BF4B-00C04F79EFBC}") = "Array_Collection_Practice", "Array_Collection_Practice\Array_Collection_Practice.csproj", "{FA5714F7-5DD9-491E-811D-A74A6D8BFFBA}"
EndProject
Global
	GlobalSection(SolutionConfigurationPlatforms) = preSolution
		Debug|Any CPU = Debug|Any CPU
		Release|Any CPU = Release|Any CPU
	EndGlobalSection
	GlobalSection(ProjectConfigurationPlatforms) = postSolution
		{FA5714F7-5DD9-491E-811D-A74A6D8BFFBA}.Debug|Any CPU.ActiveCfg = Debug|Any CPU
		{FA5714F7-5DD9-491E-811D-A74A6D8BFFBA}.Debug|Any CPU.Build.0 = Debug|Any CPU
		{FA5714F7-5DD9-491E-811D-A74A6D8BFFBA}.Release|Any CPU.ActiveCfg = Release|Any CPU
		{FA5714F7-5DD9-491E-811D-A74A6D8BFFBA}.Release|Any CPU.Build.0 = Release|Any CPU
	EndGlobalSection
	GlobalSection(SolutionProperties) = preSolution
		HideSolutionNode = FALSE
	EndGlobalSection
	GlobalSection(ExtensibilityGlobals) = postSolution
		SolutionGuid = {6D82DFDF-4A95-4C6E-8367-FF045CE5F93C}
	EndGlobalSection
EndGlobal
